{
  "object": {
    "pins": [
      {
        "package": "Kingfisher",
        "repositoryURL": "https://github.com/onevcat/Kingfisher.git",
        "state": {
          "branch": null,
          "revision": "d06df9adf50ed8cde5786d935836a5f445f780ba",
          "version": "6.3.1"
        }
      },
      {
        "package": "SwiftUIImageViewer",
        "repositoryURL": "https://github.com/Jake-Short/swiftui-image-viewer.git",
        "state": {
          "branch": null,
          "revision": "f61f298c0100c81dfb0c7908091e68aad12a892c",
          "version": "2.3.1"
        }
      },
      {
        "package": "URLImage",
        "repositoryURL": "https://github.com/dmytro-anokhin/url-image.git",
        "state": {
          "branch": null,
          "revision": "ccab89ad1cedb04f25dd4df1776dd8c8583b914a",
          "version": "2.2.5"
        }
      }
    ]
  },
  "version": 1
}
